// !$*UTF8*$!
{
	archiveVersion = 1;
	classes = {
	};
	objectVersion = 48;
	objects = {

/* Begin PBXBuildFile section */
		0444D739A83A751376CEC931 /* Pods_Fireshot.framework in Frameworks */ = {isa = PBXBuildFile; fileRef = 8493B3BE811FF157E2756220 /* Pods_Fireshot.framework */; };
		AFB850E820D2753C000C2170 /* AppDelegate.swift in Sources */ = {isa = PBXBuildFile; fileRef = AFB850E720D2753C000C2170 /* AppDelegate.swift */; };
		AFB850EC20D2753C000C2170 /* Assets.xcassets in Resources */ = {isa = PBXBuildFile; fileRef = AFB850EB20D2753C000C2170 /* Assets.xcassets */; };
		AFB850EF20D2753C000C2170 /* Main.storyboard in Resources */ = {isa = PBXBuildFile; fileRef = AFB850ED20D2753C000C2170 /* Main.storyboard */; };
		AFB8511C20D279D9000C2170 /* LoginViewController.swift in Sources */ = {isa = PBXBuildFile; fileRef = AFB8510D20D279B9000C2170 /* LoginViewController.swift */; };
		AFB8511D20D279DC000C2170 /* RegisterViewController.swift in Sources */ = {isa = PBXBuildFile; fileRef = AFB8510E20D279B9000C2170 /* RegisterViewController.swift */; };
		AFB8511E20D279DE000C2170 /* ViewController.swift in Sources */ = {isa = PBXBuildFile; fileRef = AFB8510F20D279B9000C2170 /* ViewController.swift */; };
		AFB8511F20D279E1000C2170 /* Fireshot.swift in Sources */ = {isa = PBXBuildFile; fileRef = AFB8511120D279B9000C2170 /* Fireshot.swift */; };
		AFB8512020D279E3000C2170 /* ScreenRecoder.swift in Sources */ = {isa = PBXBuildFile; fileRef = AFB8511220D279B9000C2170 /* ScreenRecoder.swift */; };
		AFB8512120D279E7000C2170 /* Shot.swift in Sources */ = {isa = PBXBuildFile; fileRef = AFB8510B20D279B9000C2170 /* Shot.swift */; };
		AFB8512220D279ED000C2170 /* FileDropView.swift in Sources */ = {isa = PBXBuildFile; fileRef = AFB8511420D279B9000C2170 /* FileDropView.swift */; };
		AFB8512320D279F0000C2170 /* shotTableCell.swift in Sources */ = {isa = PBXBuildFile; fileRef = AFB8511520D279B9000C2170 /* shotTableCell.swift */; };
		AFB8512420D27A46000C2170 /* LoginViewController.xib in Resources */ = {isa = PBXBuildFile; fileRef = AFB8511920D279BA000C2170 /* LoginViewController.xib */; };
		AFB8512520D27A49000C2170 /* RegisterViewController.xib in Resources */ = {isa = PBXBuildFile; fileRef = AFB8511A20D279BA000C2170 /* RegisterViewController.xib */; };
		AFB8512620D27A4C000C2170 /* ViewController.xib in Resources */ = {isa = PBXBuildFile; fileRef = AFB8511B20D279BA000C2170 /* ViewController.xib */; };
/* End PBXBuildFile section */

/* Begin PBXFileReference section */
		8493B3BE811FF157E2756220 /* Pods_Fireshot.framework */ = {isa = PBXFileReference; explicitFileType = wrapper.framework; includeInIndex = 0; path = Pods_Fireshot.framework; sourceTree = BUILT_PRODUCTS_DIR; };
		92BD429546C78DA4CE64B774 /* Pods-Fireshot.debug.xcconfig */ = {isa = PBXFileReference; includeInIndex = 1; lastKnownFileType = text.xcconfig; name = "Pods-Fireshot.debug.xcconfig"; path = "Pods/Target Support Files/Pods-Fireshot/Pods-Fireshot.debug.xcconfig"; sourceTree = "<group>"; };
		AFB850E420D2753C000C2170 /* Fireshot.app */ = {isa = PBXFileReference; explicitFileType = wrapper.application; includeInIndex = 0; path = Fireshot.app; sourceTree = BUILT_PRODUCTS_DIR; };
		AFB850E720D2753C000C2170 /* AppDelegate.swift */ = {isa = PBXFileReference; lastKnownFileType = sourcecode.swift; path = AppDelegate.swift; sourceTree = "<group>"; };
		AFB850EB20D2753C000C2170 /* Assets.xcassets */ = {isa = PBXFileReference; lastKnownFileType = folder.assetcatalog; path = Assets.xcassets; sourceTree = "<group>"; };
		AFB850EE20D2753C000C2170 /* Base */ = {isa = PBXFileReference; lastKnownFileType = file.storyboard; name = Base; path = Base.lproj/Main.storyboard; sourceTree = "<group>"; };
		AFB850F020D2753C000C2170 /* Info.plist */ = {isa = PBXFileReference; lastKnownFileType = text.plist.xml; path = Info.plist; sourceTree = "<group>"; };
		AFB850F120D2753C000C2170 /* Fireshot.entitlements */ = {isa = PBXFileReference; lastKnownFileType = text.plist.entitlements; path = Fireshot.entitlements; sourceTree = "<group>"; };
		AFB8510920D278C7000C2170 /* GoogleService-Info.plist */ = {isa = PBXFileReference; lastKnownFileType = text.plist.xml; path = "GoogleService-Info.plist"; sourceTree = "<group>"; };
		AFB8510B20D279B9000C2170 /* Shot.swift */ = {isa = PBXFileReference; lastKnownFileType = sourcecode.swift; path = Shot.swift; sourceTree = "<group>"; };
		AFB8510D20D279B9000C2170 /* LoginViewController.swift */ = {isa = PBXFileReference; lastKnownFileType = sourcecode.swift; path = LoginViewController.swift; sourceTree = "<group>"; };
		AFB8510E20D279B9000C2170 /* RegisterViewController.swift */ = {isa = PBXFileReference; lastKnownFileType = sourcecode.swift; path = RegisterViewController.swift; sourceTree = "<group>"; };
		AFB8510F20D279B9000C2170 /* ViewController.swift */ = {isa = PBXFileReference; lastKnownFileType = sourcecode.swift; path = ViewController.swift; sourceTree = "<group>"; };
		AFB8511120D279B9000C2170 /* Fireshot.swift */ = {isa = PBXFileReference; lastKnownFileType = sourcecode.swift; path = Fireshot.swift; sourceTree = "<group>"; };
		AFB8511220D279B9000C2170 /* ScreenRecoder.swift */ = {isa = PBXFileReference; lastKnownFileType = sourcecode.swift; path = ScreenRecoder.swift; sourceTree = "<group>"; };
		AFB8511420D279B9000C2170 /* FileDropView.swift */ = {isa = PBXFileReference; lastKnownFileType = sourcecode.swift; path = FileDropView.swift; sourceTree = "<group>"; };
		AFB8511520D279B9000C2170 /* shotTableCell.swift */ = {isa = PBXFileReference; lastKnownFileType = sourcecode.swift; path = shotTableCell.swift; sourceTree = "<group>"; };
		AFB8511920D279BA000C2170 /* LoginViewController.xib */ = {isa = PBXFileReference; lastKnownFileType = file.xib; path = LoginViewController.xib; sourceTree = "<group>"; };
		AFB8511A20D279BA000C2170 /* RegisterViewController.xib */ = {isa = PBXFileReference; lastKnownFileType = file.xib; path = RegisterViewController.xib; sourceTree = "<group>"; };
		AFB8511B20D279BA000C2170 /* ViewController.xib */ = {isa = PBXFileReference; lastKnownFileType = file.xib; path = ViewController.xib; sourceTree = "<group>"; };
		ECA3A5CC58BE654959E8297C /* Pods-Fireshot.release.xcconfig */ = {isa = PBXFileReference; includeInIndex = 1; lastKnownFileType = text.xcconfig; name = "Pods-Fireshot.release.xcconfig"; path = "Pods/Target Support Files/Pods-Fireshot/Pods-Fireshot.release.xcconfig"; sourceTree = "<group>"; };
/* End PBXFileReference section */

/* Begin PBXFrameworksBuildPhase section */
		AFB850E120D2753C000C2170 /* Frameworks */ = {
			isa = PBXFrameworksBuildPhase;
			buildActionMask = 2147483647;
			files = (
				0444D739A83A751376CEC931 /* Pods_Fireshot.framework in Frameworks */,
			);
			runOnlyForDeploymentPostprocessing = 0;
		};
/* End PBXFrameworksBuildPhase section */

/* Begin PBXGroup section */
		383800ABA6630A87D360AE15 /* Pods */ = {
			isa = PBXGroup;
			children = (
				92BD429546C78DA4CE64B774 /* Pods-Fireshot.debug.xcconfig */,
				ECA3A5CC58BE654959E8297C /* Pods-Fireshot.release.xcconfig */,
			);
			name = Pods;
			sourceTree = "<group>";
		};
		8C45CF8A1A55E28AC86954F9 /* Frameworks */ = {
			isa = PBXGroup;
			children = (
				8493B3BE811FF157E2756220 /* Pods_Fireshot.framework */,
			);
			name = Frameworks;
			sourceTree = "<group>";
		};
		AFB850DB20D2753C000C2170 = {
			isa = PBXGroup;
			children = (
				AFB850E620D2753C000C2170 /* Fireshot */,
				AFB850E520D2753C000C2170 /* Products */,
				383800ABA6630A87D360AE15 /* Pods */,
				8C45CF8A1A55E28AC86954F9 /* Frameworks */,
			);
			sourceTree = "<group>";
		};
		AFB850E520D2753C000C2170 /* Products */ = {
			isa = PBXGroup;
			children = (
				AFB850E420D2753C000C2170 /* Fireshot.app */,
			);
			name = Products;
			sourceTree = "<group>";
		};
		AFB850E620D2753C000C2170 /* Fireshot */ = {
			isa = PBXGroup;
			children = (
				AFB8510C20D279B9000C2170 /* controller */,
				AFB8511020D279B9000C2170 /* helper */,
				AFB8511620D279BA000C2170 /* layout */,
				AFB8510A20D279B9000C2170 /* model */,
				AFB8511320D279B9000C2170 /* view */,
				AFB850E720D2753C000C2170 /* AppDelegate.swift */,
				AFB850EB20D2753C000C2170 /* Assets.xcassets */,
				AFB850ED20D2753C000C2170 /* Main.storyboard */,
				AFB850F020D2753C000C2170 /* Info.plist */,
				AFB8510920D278C7000C2170 /* GoogleService-Info.plist */,
				AFB850F120D2753C000C2170 /* Fireshot.entitlements */,
			);
			path = Fireshot;
			sourceTree = "<group>";
		};
		AFB8510A20D279B9000C2170 /* model */ = {
			isa = PBXGroup;
			children = (
				AFB8510B20D279B9000C2170 /* Shot.swift */,
			);
			path = model;
			sourceTree = "<group>";
		};
		AFB8510C20D279B9000C2170 /* controller */ = {
			isa = PBXGroup;
			children = (
				AFB8510D20D279B9000C2170 /* LoginViewController.swift */,
				AFB8510E20D279B9000C2170 /* RegisterViewController.swift */,
				AFB8510F20D279B9000C2170 /* ViewController.swift */,
			);
			path = controller;
			sourceTree = "<group>";
		};
		AFB8511020D279B9000C2170 /* helper */ = {
			isa = PBXGroup;
			children = (
				AFB8511120D279B9000C2170 /* Fireshot.swift */,
				AFB8511220D279B9000C2170 /* ScreenRecoder.swift */,
			);
			name = helper;
			path = ../../../fireshot/Fireshot/helper;
			sourceTree = "<group>";
		};
		AFB8511320D279B9000C2170 /* view */ = {
			isa = PBXGroup;
			children = (
				AFB8511420D279B9000C2170 /* FileDropView.swift */,
				AFB8511520D279B9000C2170 /* shotTableCell.swift */,
			);
			name = view;
			path = ../../../fireshot/Fireshot/view;
			sourceTree = "<group>";
		};
		AFB8511620D279BA000C2170 /* layout */ = {
			isa = PBXGroup;
			children = (
				AFB8511920D279BA000C2170 /* LoginViewController.xib */,
				AFB8511A20D279BA000C2170 /* RegisterViewController.xib */,
				AFB8511B20D279BA000C2170 /* ViewController.xib */,
			);
			name = layout;
			path = ../../../fireshot/Fireshot/layout;
			sourceTree = "<group>";
		};
/* End PBXGroup section */

/* Begin PBXNativeTarget section */
		AFB850E320D2753C000C2170 /* Fireshot */ = {
			isa = PBXNativeTarget;
			buildConfigurationList = AFB850F420D2753C000C2170 /* Build configuration list for PBXNativeTarget "Fireshot" */;
			buildPhases = (
				AD1414AA18592FCCE59F45A1 /* [CP] Check Pods Manifest.lock */,
				AFB850E020D2753C000C2170 /* Sources */,
				AFB850E120D2753C000C2170 /* Frameworks */,
				AFB850E220D2753C000C2170 /* Resources */,
				A17D68B6ADA8E6273E83D386 /* [CP] Embed Pods Frameworks */,
			);
			buildRules = (
			);
			dependencies = (
			);
			name = Fireshot;
			productName = Fireshot;
			productReference = AFB850E420D2753C000C2170 /* Fireshot.app */;
			productType = "com.apple.product-type.application";
		};
/* End PBXNativeTarget section */

/* Begin PBXProject section */
		AFB850DC20D2753C000C2170 /* Project object */ = {
			isa = PBXProject;
			attributes = {
				LastSwiftUpdateCheck = 0900;
				LastUpgradeCheck = 0900;
				ORGANIZATIONNAME = "BJIT Ltd.";
				TargetAttributes = {
					AFB850E320D2753C000C2170 = {
						CreatedOnToolsVersion = 9.0;
						ProvisioningStyle = Automatic;
					};
				};
			};
			buildConfigurationList = AFB850DF20D2753C000C2170 /* Build configuration list for PBXProject "Fireshot" */;
			compatibilityVersion = "Xcode 8.0";
			developmentRegion = en;
			hasScannedForEncodings = 0;
			knownRegions = (
				en,
				Base,
			);
			mainGroup = AFB850DB20D2753C000C2170;
			productRefGroup = AFB850E520D2753C000C2170 /* Products */;
			projectDirPath = "";
			projectRoot = "";
			targets = (
				AFB850E320D2753C000C2170 /* Fireshot */,
			);
		};
/* End PBXProject section */

/* Begin PBXResourcesBuildPhase section */
		AFB850E220D2753C000C2170 /* Resources */ = {
			isa = PBXResourcesBuildPhase;
			buildActionMask = 2147483647;
			files = (
				AFB8512620D27A4C000C2170 /* ViewController.xib in Resources */,
				AFB850EC20D2753C000C2170 /* Assets.xcassets in Resources */,
				AFB850EF20D2753C000C2170 /* Main.storyboard in Resources */,
				AFB8512420D27A46000C2170 /* LoginViewController.xib in Resources */,
				AFB8512520D27A49000C2170 /* RegisterViewController.xib in Resources */,
			);
			runOnlyForDeploymentPostprocessing = 0;
		};
/* End PBXResourcesBuildPhase section */

/* Begin PBXShellScriptBuildPhase section */
		A17D68B6ADA8E6273E83D386 /* [CP] Embed Pods Frameworks */ = {
			isa = PBXShellScriptBuildPhase;
			buildActionMask = 2147483647;
			files = (
			);
			inputPaths = (
				"${SRCROOT}/Pods/Target Support Files/Pods-Fireshot/Pods-Fireshot-frameworks.sh",
				"${BUILT_PRODUCTS_DIR}/GTMSessionFetcher/GTMSessionFetcher.framework",
				"${BUILT_PRODUCTS_DIR}/GoogleToolboxForMac/GoogleToolboxForMac.framework",
				"${BUILT_PRODUCTS_DIR}/leveldb-library/leveldb.framework",
			);
			name = "[CP] Embed Pods Frameworks";
			outputPaths = (
				"${TARGET_BUILD_DIR}/${FRAMEWORKS_FOLDER_PATH}/GTMSessionFetcher.framework",
				"${TARGET_BUILD_DIR}/${FRAMEWORKS_FOLDER_PATH}/GoogleToolboxForMac.framework",
				"${TARGET_BUILD_DIR}/${FRAMEWORKS_FOLDER_PATH}/leveldb.framework",
			);
			runOnlyForDeploymentPostprocessing = 0;
			shellPath = /bin/sh;
			shellScript = "\"${SRCROOT}/Pods/Target Support Files/Pods-Fireshot/Pods-Fireshot-frameworks.sh\"\n";
			showEnvVarsInLog = 0;
		};
		AD1414AA18592FCCE59F45A1 /* [CP] Check Pods Manifest.lock */ = {
			isa = PBXShellScriptBuildPhase;
			buildActionMask = 2147483647;
			files = (
			);
			inputPaths = (
				"${PODS_PODFILE_DIR_PATH}/Podfile.lock",
				"${PODS_ROOT}/Manifest.lock",
			);
			name = "[CP] Check Pods Manifest.lock";
			outputPaths = (
				"$(DERIVED_FILE_DIR)/Pods-Fireshot-checkManifestLockResult.txt",
			);
			runOnlyForDeploymentPostprocessing = 0;
			shellPath = /bin/sh;
			shellScript = "diff \"${PODS_PODFILE_DIR_PATH}/Podfile.lock\" \"${PODS_ROOT}/Manifest.lock\" > /dev/null\nif [ $? != 0 ] ; then\n    # print error to STDERR\n    echo \"error: The sandbox is not in sync with the Podfile.lock. Run 'pod install' or update your CocoaPods installation.\" >&2\n    exit 1\nfi\n# This output is used by Xcode 'outputs' to avoid re-running this script phase.\necho \"SUCCESS\" > \"${SCRIPT_OUTPUT_FILE_0}\"\n";
			showEnvVarsInLog = 0;
		};
/* End PBXShellScriptBuildPhase section */

/* Begin PBXSourcesBuildPhase section */
		AFB850E020D2753C000C2170 /* Sources */ = {
			isa = PBXSourcesBuildPhase;
			buildActionMask = 2147483647;
			files = (
				AFB8511E20D279DE000C2170 /* ViewController.swift in Sources */,
				AFB8511C20D279D9000C2170 /* LoginViewController.swift in Sources */,
				AFB8512120D279E7000C2170 /* Shot.swift in Sources */,
				AFB8512320D279F0000C2170 /* shotTableCell.swift in Sources */,
				AFB8511F20D279E1000C2170 /* Fireshot.swift in Sources */,
				AFB8512220D279ED000C2170 /* FileDropView.swift in Sources */,
				AFB850E820D2753C000C2170 /* AppDelegate.swift in Sources */,
				AFB8511D20D279DC000C2170 /* RegisterViewController.swift in Sources */,
				AFB8512020D279E3000C2170 /* ScreenRecoder.swift in Sources */,
			);
			runOnlyForDeploymentPostprocessing = 0;
		};
/* End PBXSourcesBuildPhase section */

/* Begin PBXVariantGroup section */
		AFB850ED20D2753C000C2170 /* Main.storyboard */ = {
			isa = PBXVariantGroup;
			children = (
				AFB850EE20D2753C000C2170 /* Base */,
			);
			name = Main.storyboard;
			sourceTree = "<group>";
		};
/* End PBXVariantGroup section */

/* Begin XCBuildConfiguration section */
		AFB850F220D2753C000C2170 /* Debug */ = {
			isa = XCBuildConfiguration;
			buildSettings = {
				ALWAYS_SEARCH_USER_PATHS = NO;
				CLANG_ANALYZER_NONNULL = YES;
				CLANG_ANALYZER_NUMBER_OBJECT_CONVERSION = YES_AGGRESSIVE;
				CLANG_CXX_LANGUAGE_STANDARD = "gnu++14";
				CLANG_CXX_LIBRARY = "libc++";
				CLANG_ENABLE_MODULES = YES;
				CLANG_ENABLE_OBJC_ARC = YES;
				CLANG_WARN_BLOCK_CAPTURE_AUTORELEASING = YES;
				CLANG_WARN_BOOL_CONVERSION = YES;
				CLANG_WARN_COMMA = YES;
				CLANG_WARN_CONSTANT_CONVERSION = YES;
				CLANG_WARN_DIRECT_OBJC_ISA_USAGE = YES_ERROR;
				CLANG_WARN_DOCUMENTATION_COMMENTS = YES;
				CLANG_WARN_EMPTY_BODY = YES;
				CLANG_WARN_ENUM_CONVERSION = YES;
				CLANG_WARN_INFINITE_RECURSION = YES;
				CLANG_WARN_INT_CONVERSION = YES;
				CLANG_WARN_NON_LITERAL_NULL_CONVERSION = YES;
				CLANG_WARN_OBJC_LITERAL_CONVERSION = YES;
				CLANG_WARN_OBJC_ROOT_CLASS = YES_ERROR;
				CLANG_WARN_RANGE_LOOP_ANALYSIS = YES;
				CLANG_WARN_STRICT_PROTOTYPES = YES;
				CLANG_WARN_SUSPICIOUS_MOVE = YES;
				CLANG_WARN_UNGUARDED_AVAILABILITY = YES_AGGRESSIVE;
				CLANG_WARN_UNREACHABLE_CODE = YES;
				CLANG_WARN__DUPLICATE_METHOD_MATCH = YES;
				CODE_SIGN_IDENTITY = "-";
				COPY_PHASE_STRIP = NO;
				DEBUG_INFORMATION_FORMAT = dwarf;
				ENABLE_STRICT_OBJC_MSGSEND = YES;
				ENABLE_TESTABILITY = YES;
				GCC_C_LANGUAGE_STANDARD = gnu11;
				GCC_DYNAMIC_NO_PIC = NO;
				GCC_NO_COMMON_BLOCKS = YES;
				GCC_OPTIMIZATION_LEVEL = 0;
				GCC_PREPROCESSOR_DEFINITIONS = (
					"DEBUG=1",
					"$(inherited)",
				);
				GCC_WARN_64_TO_32_BIT_CONVERSION = YES;
				GCC_WARN_ABOUT_RETURN_TYPE = YES_ERROR;
				GCC_WARN_UNDECLARED_SELECTOR = YES;
				GCC_WARN_UNINITIALIZED_AUTOS = YES_AGGRESSIVE;
				GCC_WARN_UNUSED_FUNCTION = YES;
				GCC_WARN_UNUSED_VARIABLE = YES;
				MACOSX_DEPLOYMENT_TARGET = 10.13;
				MTL_ENABLE_DEBUG_INFO = YES;
				ONLY_ACTIVE_ARCH = YES;
				SDKROOT = macosx;
				SWIFT_ACTIVE_COMPILATION_CONDITIONS = DEBUG;
				SWIFT_OPTIMIZATION_LEVEL = "-Onone";
			};
			name = Debug;
		};
		AFB850F320D2753C000C2170 /* Release */ = {
			isa = XCBuildConfiguration;
			buildSettings = {
				ALWAYS_SEARCH_USER_PATHS = NO;
				CLANG_ANALYZER_NONNULL = YES;
				CLANG_ANALYZER_NUMBER_OBJECT_CONVERSION = YES_AGGRESSIVE;
				CLANG_CXX_LANGUAGE_STANDARD = "gnu++14";
				CLANG_CXX_LIBRARY = "libc++";
				CLANG_ENABLE_MODULES = YES;
				CLANG_ENABLE_OBJC_ARC = YES;
				CLANG_WARN_BLOCK_CAPTURE_AUTORELEASING = YES;
				CLANG_WARN_BOOL_CONVERSION = YES;
				CLANG_WARN_COMMA = YES;
				CLANG_WARN_CONSTANT_CONVERSION = YES;
				CLANG_WARN_DIRECT_OBJC_ISA_USAGE = YES_ERROR;
				CLANG_WARN_DOCUMENTATION_COMMENTS = YES;
				CLANG_WARN_EMPTY_BODY = YES;
				CLANG_WARN_ENUM_CONVERSION = YES;
				CLANG_WARN_INFINITE_RECURSION = YES;
				CLANG_WARN_INT_CONVERSION = YES;
				CLANG_WARN_NON_LITERAL_NULL_CONVERSION = YES;
				CLANG_WARN_OBJC_LITERAL_CONVERSION = YES;
				CLANG_WARN_OBJC_ROOT_CLASS = YES_ERROR;
				CLANG_WARN_RANGE_LOOP_ANALYSIS = YES;
				CLANG_WARN_STRICT_PROTOTYPES = YES;
				CLANG_WARN_SUSPICIOUS_MOVE = YES;
				CLANG_WARN_UNGUARDED_AVAILABILITY = YES_AGGRESSIVE;
				CLANG_WARN_UNREACHABLE_CODE = YES;
				CLANG_WARN__DUPLICATE_METHOD_MATCH = YES;
				CODE_SIGN_IDENTITY = "-";
				COPY_PHASE_STRIP = NO;
				DEBUG_INFORMATION_FORMAT = "dwarf-with-dsym";
				ENABLE_NS_ASSERTIONS = NO;
				ENABLE_STRICT_OBJC_MSGSEND = YES;
				GCC_C_LANGUAGE_STANDARD = gnu11;
				GCC_NO_COMMON_BLOCKS = YES;
				GCC_WARN_64_TO_32_BIT_CONVERSION = YES;
				GCC_WARN_ABOUT_RETURN_TYPE = YES_ERROR;
				GCC_WARN_UNDECLARED_SELECTOR = YES;
				GCC_WARN_UNINITIALIZED_AUTOS = YES_AGGRESSIVE;
				GCC_WARN_UNUSED_FUNCTION = YES;
				GCC_WARN_UNUSED_VARIABLE = YES;
				MACOSX_DEPLOYMENT_TARGET = 10.13;
				MTL_ENABLE_DEBUG_INFO = NO;
				SDKROOT = macosx;
				SWIFT_OPTIMIZATION_LEVEL = "-Owholemodule";
			};
			name = Release;
		};
		AFB850F520D2753C000C2170 /* Debug */ = {
			isa = XCBuildConfiguration;
			baseConfigurationReference = 92BD429546C78DA4CE64B774 /* Pods-Fireshot.debug.xcconfig */;
			buildSettings = {
				ASSETCATALOG_COMPILER_APPICON_NAME = AppIcon;
				CODE_SIGN_ENTITLEMENTS = Fireshot/Fireshot.entitlements;
				CODE_SIGN_STYLE = Automatic;
				COMBINE_HIDPI_IMAGES = YES;
				INFOPLIST_FILE = Fireshot/Info.plist;
				LD_RUNPATH_SEARCH_PATHS = "$(inherited) @executable_path/../Frameworks";
				PRODUCT_BUNDLE_IDENTIFIER = com.bjitgroup.Fireshot;
				PRODUCT_NAME = "$(TARGET_NAME)";
				SWIFT_VERSION = 4.0;
			};
			name = Debug;
		};
		AFB850F620D2753C000C2170 /* Release */ = {
			isa = XCBuildConfiguration;
			baseConfigurationReference = ECA3A5CC58BE654959E8297C /* Pods-Fireshot.release.xcconfig */;
			buildSettings = {
				ASSETCATALOG_COMPILER_APPICON_NAME = AppIcon;
				CODE_SIGN_ENTITLEMENTS = Fireshot/Fireshot.entitlements;
				CODE_SIGN_STYLE = Automatic;
				COMBINE_HIDPI_IMAGES = YES;
				INFOPLIST_FILE = Fireshot/Info.plist;
				LD_RUNPATH_SEARCH_PATHS = "$(inherited) @executable_path/../Frameworks";
				PRODUCT_BUNDLE_IDENTIFIER = com.bjitgroup.Fireshot;
				PRODUCT_NAME = "$(TARGET_NAME)";
				SWIFT_VERSION = 4.0;
			};
			name = Release;
		};
/* End XCBuildConfiguration section */

/* Begin XCConfigurationList section */
		AFB850DF20D2753C000C2170 /* Build configuration list for PBXProject "Fireshot" */ = {
			isa = XCConfigurationList;
			buildConfigurations = (
				AFB850F220D2753C000C2170 /* Debug */,
				AFB850F320D2753C000C2170 /* Release */,
			);
			defaultConfigurationIsVisible = 0;
			defaultConfigurationName = Release;
		};
		AFB850F420D2753C000C2170 /* Build configuration list for PBXNativeTarget "Fireshot" */ = {
			isa = XCConfigurationList;
			buildConfigurations = (
				AFB850F520D2753C000C2170 /* Debug */,
				AFB850F620D2753C000C2170 /* Release */,
			);
			defaultConfigurationIsVisible = 0;
			defaultConfigurationName = Release;
		};
/* End XCConfigurationList section */
	};
	rootObject = AFB850DC20D2753C000C2170 /* Project object */;
}
